// !$*UTF8*$!
{
	archiveVersion = 1;
	classes = {
	};
	objectVersion = 46;
	objects = {

/* Begin PBXBuildFile section */
		4F97D8AC17FEE28C007FB0EB /* Cocoa.framework in Frameworks */ = {isa = PBXBuildFile; fileRef = 4F97D8AB17FEE28C007FB0EB /* Cocoa.framework */; };
		4F97D8B617FEE28C007FB0EB /* InfoPlist.strings in Resources */ = {isa = PBXBuildFile; fileRef = 4F97D8B417FEE28C007FB0EB /* InfoPlist.strings */; };
		4F97D8B817FEE28C007FB0EB /* main.m in Sources */ = {isa = PBXBuildFile; fileRef = 4F97D8B717FEE28C007FB0EB /* main.m */; };
		4F97D8BC17FEE28C007FB0EB /* Credits.rtf in Resources */ = {isa = PBXBuildFile; fileRef = 4F97D8BA17FEE28C007FB0EB /* Credits.rtf */; };
		4F97D8BF17FEE28C007FB0EB /* AppDelegate.m in Sources */ = {isa = PBXBuildFile; fileRef = 4F97D8BE17FEE28C007FB0EB /* AppDelegate.m */; };
		4F97D8C217FEE28C007FB0EB /* MainMenu.xib in Resources */ = {isa = PBXBuildFile; fileRef = 4F97D8C017FEE28C007FB0EB /* MainMenu.xib */; };
/* End PBXBuildFile section */

/* Begin PBXFileReference section */
		4F97D8A817FEE28C007FB0EB /* TestVideo.app */ = {isa = PBXFileReference; explicitFileType = wrapper.application; includeInIndex = 0; path = TestVideo.app; sourceTree = BUILT_PRODUCTS_DIR; };
		4F97D8AB17FEE28C007FB0EB /* Cocoa.framework */ = {isa = PBXFileReference; lastKnownFileType = wrapper.framework; name = Cocoa.framework; path = System/Library/Frameworks/Cocoa.framework; sourceTree = SDKROOT; };
		4F97D8AE17FEE28C007FB0EB /* AppKit.framework */ = {isa = PBXFileReference; lastKnownFileType = wrapper.framework; name = AppKit.framework; path = System/Library/Frameworks/AppKit.framework; sourceTree = SDKROOT; };
		4F97D8AF17FEE28C007FB0EB /* CoreData.framework */ = {isa = PBXFileReference; lastKnownFileType = wrapper.framework; name = CoreData.framework; path = System/Library/Frameworks/CoreData.framework; sourceTree = SDKROOT; };
		4F97D8B017FEE28C007FB0EB /* Foundation.framework */ = {isa = PBXFileReference; lastKnownFileType = wrapper.framework; name = Foundation.framework; path = System/Library/Frameworks/Foundation.framework; sourceTree = SDKROOT; };
		4F97D8B317FEE28C007FB0EB /* TestVideo-Info.plist */ = {isa = PBXFileReference; lastKnownFileType = text.plist.xml; path = "TestVideo-Info.plist"; sourceTree = "<group>"; };
		4F97D8B517FEE28C007FB0EB /* en */ = {isa = PBXFileReference; lastKnownFileType = text.plist.strings; name = en; path = en.lproj/InfoPlist.strings; sourceTree = "<group>"; };
		4F97D8B717FEE28C007FB0EB /* main.m */ = {isa = PBXFileReference; lastKnownFileType = sourcecode.c.objc; path = main.m; sourceTree = "<group>"; };
		4F97D8B917FEE28C007FB0EB /* TestVideo-Prefix.pch */ = {isa = PBXFileReference; lastKnownFileType = sourcecode.c.h; path = "TestVideo-Prefix.pch"; sourceTree = "<group>"; };
		4F97D8BB17FEE28C007FB0EB /* en */ = {isa = PBXFileReference; lastKnownFileType = text.rtf; name = en; path = en.lproj/Credits.rtf; sourceTree = "<group>"; };
		4F97D8BD17FEE28C007FB0EB /* AppDelegate.h */ = {isa = PBXFileReference; lastKnownFileType = sourcecode.c.h; path = AppDelegate.h; sourceTree = "<group>"; };
		4F97D8BE17FEE28C007FB0EB /* AppDelegate.m */ = {isa = PBXFileReference; lastKnownFileType = sourcecode.c.objc; path = AppDelegate.m; sourceTree = "<group>"; };
		4F97D8C117FEE28C007FB0EB /* en */ = {isa = PBXFileReference; lastKnownFileType = file.xib; name = en; path = en.lproj/MainMenu.xib; sourceTree = "<group>"; };
/* End PBXFileReference section */

/* Begin PBXFrameworksBuildPhase section */
		4F97D8A517FEE28C007FB0EB /* Frameworks */ = {
			isa = PBXFrameworksBuildPhase;
			buildActionMask = 2147483647;
			files = (
				4F97D8AC17FEE28C007FB0EB /* Cocoa.framework in Frameworks */,
			);
			runOnlyForDeploymentPostprocessing = 0;
		};
/* End PBXFrameworksBuildPhase section */

/* Begin PBXGroup section */
		4F97D89F17FEE28C007FB0EB = {
			isa = PBXGroup;
			children = (
				4F97D8B117FEE28C007FB0EB /* TestVideo */,
				4F97D8AA17FEE28C007FB0EB /* Frameworks */,
				4F97D8A917FEE28C007FB0EB /* Products */,
			);
			sourceTree = "<group>";
		};
		4F97D8A917FEE28C007FB0EB /* Products */ = {
			isa = PBXGroup;
			children = (
				4F97D8A817FEE28C007FB0EB /* TestVideo.app */,
			);
			name = Products;
			sourceTree = "<group>";
		};
		4F97D8AA17FEE28C007FB0EB /* Frameworks */ = {
			isa = PBXGroup;
			children = (
				4F97D8AB17FEE28C007FB0EB /* Cocoa.framework */,
				4F97D8AD17FEE28C007FB0EB /* Other Frameworks */,
			);
			name = Frameworks;
			sourceTree = "<group>";
		};
		4F97D8AD17FEE28C007FB0EB /* Other Frameworks */ = {
			isa = PBXGroup;
			children = (
				4F97D8AE17FEE28C007FB0EB /* AppKit.framework */,
				4F97D8AF17FEE28C007FB0EB /* CoreData.framework */,
				4F97D8B017FEE28C007FB0EB /* Foundation.framework */,
			);
			name = "Other Frameworks";
			sourceTree = "<group>";
		};
		4F97D8B117FEE28C007FB0EB /* TestVideo */ = {
			isa = PBXGroup;
			children = (
				4F97D8BD17FEE28C007FB0EB /* AppDelegate.h */,
				4F97D8BE17FEE28C007FB0EB /* AppDelegate.m */,
				4F97D8C017FEE28C007FB0EB /* MainMenu.xib */,
				4F97D8B217FEE28C007FB0EB /* Supporting Files */,
			);
			path = TestVideo;
			sourceTree = "<group>";
		};
		4F97D8B217FEE28C007FB0EB /* Supporting Files */ = {
			isa = PBXGroup;
			children = (
				4F97D8B317FEE28C007FB0EB /* TestVideo-Info.plist */,
				4F97D8B417FEE28C007FB0EB /* InfoPlist.strings */,
				4F97D8B717FEE28C007FB0EB /* main.m */,
				4F97D8B917FEE28C007FB0EB /* TestVideo-Prefix.pch */,
				4F97D8BA17FEE28C007FB0EB /* Credits.rtf */,
			);
			name = "Supporting Files";
			sourceTree = "<group>";
		};
/* End PBXGroup section */

/* Begin PBXNativeTarget section */
		4F97D8A717FEE28C007FB0EB /* TestVideo */ = {
			isa = PBXNativeTarget;
			buildConfigurationList = 4F97D8C517FEE28C007FB0EB /* Build configuration list for PBXNativeTarget "TestVideo" */;
			buildPhases = (
				4F97D8A417FEE28C007FB0EB /* Sources */,
				4F97D8A517FEE28C007FB0EB /* Frameworks */,
				4F97D8A617FEE28C007FB0EB /* Resources */,
			);
			buildRules = (
			);
			dependencies = (
			);
			name = TestVideo;
			productName = TestVideo;
			productReference = 4F97D8A817FEE28C007FB0EB /* TestVideo.app */;
			productType = "com.apple.product-type.application";
		};
/* End PBXNativeTarget section */

/* Begin PBXProject section */
		4F97D8A017FEE28C007FB0EB /* Project object */ = {
			isa = PBXProject;
			attributes = {
				LastUpgradeCheck = 0460;
				ORGANIZATIONNAME = BigBrother;
			};
			buildConfigurationList = 4F97D8A317FEE28C007FB0EB /* Build configuration list for PBXProject "TestVideo" */;
			compatibilityVersion = "Xcode 3.2";
			developmentRegion = English;
			hasScannedForEncodings = 0;
			knownRegions = (
				en,
			);
			mainGroup = 4F97D89F17FEE28C007FB0EB;
			productRefGroup = 4F97D8A917FEE28C007FB0EB /* Products */;
			projectDirPath = "";
			projectRoot = "";
			targets = (
				4F97D8A717FEE28C007FB0EB /* TestVideo */,
			);
		};
/* End PBXProject section */

/* Begin PBXResourcesBuildPhase section */
		4F97D8A617FEE28C007FB0EB /* Resources */ = {
			isa = PBXResourcesBuildPhase;
			buildActionMask = 2147483647;
			files = (
				4F97D8B617FEE28C007FB0EB /* InfoPlist.strings in Resources */,
				4F97D8BC17FEE28C007FB0EB /* Credits.rtf in Resources */,
				4F97D8C217FEE28C007FB0EB /* MainMenu.xib in Resources */,
			);
			runOnlyForDeploymentPostprocessing = 0;
		};
/* End PBXResourcesBuildPhase section */

/* Begin PBXSourcesBuildPhase section */
		4F97D8A417FEE28C007FB0EB /* Sources */ = {
			isa = PBXSourcesBuildPhase;
			buildActionMask = 2147483647;
			files = (
				4F97D8B817FEE28C007FB0EB /* main.m in Sources */,
				4F97D8BF17FEE28C007FB0EB /* AppDelegate.m in Sources */,
			);
			runOnlyForDeploymentPostprocessing = 0;
		};
/* End PBXSourcesBuildPhase section */

/* Begin PBXVariantGroup section */
		4F97D8B417FEE28C007FB0EB /* InfoPlist.strings */ = {
			isa = PBXVariantGroup;
			children = (
				4F97D8B517FEE28C007FB0EB /* en */,
			);
			name = InfoPlist.strings;
			sourceTree = "<group>";
		};
		4F97D8BA17FEE28C007FB0EB /* Credits.rtf */ = {
			isa = PBXVariantGroup;
			children = (
				4F97D8BB17FEE28C007FB0EB /* en */,
			);
			name = Credits.rtf;
			sourceTree = "<group>";
		};
		4F97D8C017FEE28C007FB0EB /* MainMenu.xib */ = {
			isa = PBXVariantGroup;
			children = (
				4F97D8C117FEE28C007FB0EB /* en */,
			);
			name = MainMenu.xib;
			sourceTree = "<group>";
		};
/* End PBXVariantGroup section */

/* Begin XCBuildConfiguration section */
		4F97D8C317FEE28C007FB0EB /* Debug */ = {
			isa = XCBuildConfiguration;
			buildSettings = {
				ALWAYS_SEARCH_USER_PATHS = NO;
				ARCHS = "$(ARCHS_STANDARD_64_BIT)";
				CLANG_CXX_LANGUAGE_STANDARD = "gnu++0x";
				CLANG_CXX_LIBRARY = "libc++";
				CLANG_ENABLE_OBJC_ARC = YES;
				CLANG_WARN_CONSTANT_CONVERSION = YES;
				CLANG_WARN_EMPTY_BODY = YES;
				CLANG_WARN_ENUM_CONVERSION = YES;
				CLANG_WARN_INT_CONVERSION = YES;
				CLANG_WARN__DUPLICATE_METHOD_MATCH = YES;
				COPY_PHASE_STRIP = NO;
				GCC_C_LANGUAGE_STANDARD = gnu99;
				GCC_DYNAMIC_NO_PIC = NO;
				GCC_ENABLE_OBJC_EXCEPTIONS = YES;
				GCC_OPTIMIZATION_LEVEL = 0;
				GCC_PREPROCESSOR_DEFINITIONS = (
					"DEBUG=1",
					"$(inherited)",
				);
				GCC_SYMBOLS_PRIVATE_EXTERN = NO;
				GCC_WARN_64_TO_32_BIT_CONVERSION = YES;
				GCC_WARN_ABOUT_RETURN_TYPE = YES;
				GCC_WARN_UNINITIALIZED_AUTOS = YES;
				GCC_WARN_UNUSED_VARIABLE = YES;
				MACOSX_DEPLOYMENT_TARGET = 10.7;
				ONLY_ACTIVE_ARCH = YES;
				SDKROOT = macosx;
			};
			name = Debug;
		};
		4F97D8C417FEE28C007FB0EB /* Release */ = {
			isa = XCBuildConfiguration;
			buildSettings = {
				ALWAYS_SEARCH_USER_PATHS = NO;
				ARCHS = "$(ARCHS_STANDARD_64_BIT)";
				CLANG_CXX_LANGUAGE_STANDARD = "gnu++0x";
				CLANG_CXX_LIBRARY = "libc++";
				CLANG_ENABLE_OBJC_ARC = YES;
				CLANG_WARN_CONSTANT_CONVERSION = YES;
				CLANG_WARN_EMPTY_BODY = YES;
				CLANG_WARN_ENUM_CONVERSION = YES;
				CLANG_WARN_INT_CONVERSION = YES;
				CLANG_WARN__DUPLICATE_METHOD_MATCH = YES;
				COPY_PHASE_STRIP = YES;
				DEBUG_INFORMATION_FORMAT = "dwarf-with-dsym";
				GCC_C_LANGUAGE_STANDARD = gnu99;
				GCC_ENABLE_OBJC_EXCEPTIONS = YES;
				GCC_WARN_64_TO_32_BIT_CONVERSION = YES;
				GCC_WARN_ABOUT_RETURN_TYPE = YES;
				GCC_WARN_UNINITIALIZED_AUTOS = YES;
				GCC_WARN_UNUSED_VARIABLE = YES;
				MACOSX_DEPLOYMENT_TARGET = 10.7;
				SDKROOT = macosx;
			};
			name = Release;
		};
		4F97D8C617FEE28C007FB0EB /* Debug */ = {
			isa = XCBuildConfiguration;
			buildSettings = {
				COMBINE_HIDPI_IMAGES = YES;
				GCC_PRECOMPILE_PREFIX_HEADER = YES;
				GCC_PREFIX_HEADER = "TestVideo/TestVideo-Prefix.pch";
				INFOPLIST_FILE = "TestVideo/TestVideo-Info.plist";
				PRODUCT_NAME = "$(TARGET_NAME)";
				WRAPPER_EXTENSION = app;
			};
			name = Debug;
		};
		4F97D8C717FEE28C007FB0EB /* Release */ = {
			isa = XCBuildConfiguration;
			buildSettings = {
				COMBINE_HIDPI_IMAGES = YES;
				GCC_PRECOMPILE_PREFIX_HEADER = YES;
				GCC_PREFIX_HEADER = "TestVideo/TestVideo-Prefix.pch";
				INFOPLIST_FILE = "TestVideo/TestVideo-Info.plist";
				PRODUCT_NAME = "$(TARGET_NAME)";
				WRAPPER_EXTENSION = app;
			};
			name = Release;
		};
/* End XCBuildConfiguration section */

/* Begin XCConfigurationList section */
		4F97D8A317FEE28C007FB0EB /* Build configuration list for PBXProject "TestVideo" */ = {
			isa = XCConfigurationList;
			buildConfigurations = (
				4F97D8C317FEE28C007FB0EB /* Debug */,
				4F97D8C417FEE28C007FB0EB /* Release */,
			);
			defaultConfigurationIsVisible = 0;
			defaultConfigurationName = Release;
		};
		4F97D8C517FEE28C007FB0EB /* Build configuration list for PBXNativeTarget "TestVideo" */ = {
			isa = XCConfigurationList;
			buildConfigurations = (
				4F97D8C617FEE28C007FB0EB /* Debug */,
				4F97D8C717FEE28C007FB0EB /* Release */,
			);
			defaultConfigurationIsVisible = 0;
		};
/* End XCConfigurationList section */
	};
	rootObject = 4F97D8A017FEE28C007FB0EB /* Project object */;
}
